
Microsoft Visual Studio Solution File, Format Version 12.00
# Visual Studio Version 17
VisualStudioVersion = 17.0.31903.59
MinimumVisualStudioVersion = 10.0.40219.1
Project("{2150E333-8FDC-42A3-9474-1A3956D46DE8}") = "src", "src", "{827E0CD3-B72D-47B6-A68D-7590B98EB39B}"
EndProject
Project("{FAE04EC0-301F-11D3-BF4B-00C04F79EFBC}") = "GJames.Engine.Contracts", "src\GJames.Engine.Contracts\GJames.Engine.Contracts.csproj", "{C4AA03BD-66AB-44E7-B160-633C3954170F}"
EndProject
Project("{FAE04EC0-301F-11D3-BF4B-00C04F79EFBC}") = "GJames.Engine.Core", "src\GJames.Engine.Core\GJames.Engine.Core.csproj", "{B5FAC6D5-1986-480E-A0C1-1A34AF7AD7E4}"
EndProject
Project("{FAE04EC0-301F-11D3-BF4B-00C04F79EFBC}") = "GJames.Engine.DataProviders", "src\GJames.Engine.DataProviders\GJames.Engine.DataProviders.csproj", "{7B2A7A63-E084-4701-969C-91D47781B10C}"
EndProject
Project("{FAE04EC0-301F-11D3-BF4B-00C04F79EFBC}") = "GJames.Engine.Infrastructure", "src\GJames.Engine.Infrastructure\GJames.Engine.Infrastructure.csproj", "{3C3DAE3D-CFF7-4763-9C1C-83D8D691FB21}"
EndProject
Project("{FAE04EC0-301F-11D3-BF4B-00C04F79EFBC}") = "GJames.Engine.Rules", "src\GJames.Engine.Rules\GJames.Engine.Rules.csproj", "{64DD3C20-EA22-45BE-9D18-B013D6FB771D}"
EndProject
Project("{FAE04EC0-301F-11D3-BF4B-00C04F79EFBC}") = "GJames.V6.Adapter", "src\GJames.V6.Adapter\GJames.V6.Adapter.csproj", "{92011D6C-8045-43DC-A813-AD5B3D045DCC}"
EndProject
Global
	GlobalSection(SolutionConfigurationPlatforms) = preSolution
		Debug|Any CPU = Debug|Any CPU
		Debug|x64 = Debug|x64
		Debug|x86 = Debug|x86
		Release|Any CPU = Release|Any CPU
		Release|x64 = Release|x64
		Release|x86 = Release|x86
	EndGlobalSection
	GlobalSection(ProjectConfigurationPlatforms) = postSolution
		{C4AA03BD-66AB-44E7-B160-633C3954170F}.Debug|Any CPU.ActiveCfg = Debug|Any CPU
		{C4AA03BD-66AB-44E7-B160-633C3954170F}.Debug|Any CPU.Build.0 = Debug|Any CPU
		{C4AA03BD-66AB-44E7-B160-633C3954170F}.Debug|x64.ActiveCfg = Debug|Any CPU
		{C4AA03BD-66AB-44E7-B160-633C3954170F}.Debug|x64.Build.0 = Debug|Any CPU
		{C4AA03BD-66AB-44E7-B160-633C3954170F}.Debug|x86.ActiveCfg = Debug|Any CPU
		{C4AA03BD-66AB-44E7-B160-633C3954170F}.Debug|x86.Build.0 = Debug|Any CPU
		{C4AA03BD-66AB-44E7-B160-633C3954170F}.Release|Any CPU.ActiveCfg = Release|Any CPU
		{C4AA03BD-66AB-44E7-B160-633C3954170F}.Release|Any CPU.Build.0 = Release|Any CPU
		{C4AA03BD-66AB-44E7-B160-633C3954170F}.Release|x64.ActiveCfg = Release|Any CPU
		{C4AA03BD-66AB-44E7-B160-633C3954170F}.Release|x64.Build.0 = Release|Any CPU
		{C4AA03BD-66AB-44E7-B160-633C3954170F}.Release|x86.ActiveCfg = Release|Any CPU
		{C4AA03BD-66AB-44E7-B160-633C3954170F}.Release|x86.Build.0 = Release|Any CPU
		{B5FAC6D5-1986-480E-A0C1-1A34AF7AD7E4}.Debug|Any CPU.ActiveCfg = Debug|Any CPU
		{B5FAC6D5-1986-480E-A0C1-1A34AF7AD7E4}.Debug|Any CPU.Build.0 = Debug|Any CPU
		{B5FAC6D5-1986-480E-A0C1-1A34AF7AD7E4}.Debug|x64.ActiveCfg = Debug|Any CPU
		{B5FAC6D5-1986-480E-A0C1-1A34AF7AD7E4}.Debug|x64.Build.0 = Debug|Any CPU
		{B5FAC6D5-1986-480E-A0C1-1A34AF7AD7E4}.Debug|x86.ActiveCfg = Debug|Any CPU
		{B5FAC6D5-1986-480E-A0C1-1A34AF7AD7E4}.Debug|x86.Build.0 = Debug|Any CPU
		{B5FAC6D5-1986-480E-A0C1-1A34AF7AD7E4}.Release|Any CPU.ActiveCfg = Release|Any CPU
		{B5FAC6D5-1986-480E-A0C1-1A34AF7AD7E4}.Release|Any CPU.Build.0 = Release|Any CPU
		{B5FAC6D5-1986-480E-A0C1-1A34AF7AD7E4}.Release|x64.ActiveCfg = Release|Any CPU
		{B5FAC6D5-1986-480E-A0C1-1A34AF7AD7E4}.Release|x64.Build.0 = Release|Any CPU
		{B5FAC6D5-1986-480E-A0C1-1A34AF7AD7E4}.Release|x86.ActiveCfg = Release|Any CPU
		{B5FAC6D5-1986-480E-A0C1-1A34AF7AD7E4}.Release|x86.Build.0 = Release|Any CPU
		{7B2A7A63-E084-4701-969C-91D47781B10C}.Debug|Any CPU.ActiveCfg = Debug|Any CPU
		{7B2A7A63-E084-4701-969C-91D47781B10C}.Debug|Any CPU.Build.0 = Debug|Any CPU
		{7B2A7A63-E084-4701-969C-91D47781B10C}.Debug|x64.ActiveCfg = Debug|Any CPU
		{7B2A7A63-E084-4701-969C-91D47781B10C}.Debug|x64.Build.0 = Debug|Any CPU
		{7B2A7A63-E084-4701-969C-91D47781B10C}.Debug|x86.ActiveCfg = Debug|Any CPU
		{7B2A7A63-E084-4701-969C-91D47781B10C}.Debug|x86.Build.0 = Debug|Any CPU
		{7B2A7A63-E084-4701-969C-91D47781B10C}.Release|Any CPU.ActiveCfg = Release|Any CPU
		{7B2A7A63-E084-4701-969C-91D47781B10C}.Release|Any CPU.Build.0 = Release|Any CPU
		{7B2A7A63-E084-4701-969C-91D47781B10C}.Release|x64.ActiveCfg = Release|Any CPU
		{7B2A7A63-E084-4701-969C-91D47781B10C}.Release|x64.Build.0 = Release|Any CPU
		{7B2A7A63-E084-4701-969C-91D47781B10C}.Release|x86.ActiveCfg = Release|Any CPU
		{7B2A7A63-E084-4701-969C-91D47781B10C}.Release|x86.Build.0 = Release|Any CPU
		{3C3DAE3D-CFF7-4763-9C1C-83D8D691FB21}.Debug|Any CPU.ActiveCfg = Debug|Any CPU
		{3C3DAE3D-CFF7-4763-9C1C-83D8D691FB21}.Debug|Any CPU.Build.0 = Debug|Any CPU
		{3C3DAE3D-CFF7-4763-9C1C-83D8D691FB21}.Debug|x64.ActiveCfg = Debug|Any CPU
		{3C3DAE3D-CFF7-4763-9C1C-83D8D691FB21}.Debug|x64.Build.0 = Debug|Any CPU
		{3C3DAE3D-CFF7-4763-9C1C-83D8D691FB21}.Debug|x86.ActiveCfg = Debug|Any CPU
		{3C3DAE3D-CFF7-4763-9C1C-83D8D691FB21}.Debug|x86.Build.0 = Debug|Any CPU
		{3C3DAE3D-CFF7-4763-9C1C-83D8D691FB21}.Release|Any CPU.ActiveCfg = Release|Any CPU
		{3C3DAE3D-CFF7-4763-9C1C-83D8D691FB21}.Release|Any CPU.Build.0 = Release|Any CPU
		{3C3DAE3D-CFF7-4763-9C1C-83D8D691FB21}.Release|x64.ActiveCfg = Release|Any CPU
		{3C3DAE3D-CFF7-4763-9C1C-83D8D691FB21}.Release|x64.Build.0 = Release|Any CPU
		{3C3DAE3D-CFF7-4763-9C1C-83D8D691FB21}.Release|x86.ActiveCfg = Release|Any CPU
		{3C3DAE3D-CFF7-4763-9C1C-83D8D691FB21}.Release|x86.Build.0 = Release|Any CPU
		{64DD3C20-EA22-45BE-9D18-B013D6FB771D}.Debug|Any CPU.ActiveCfg = Debug|Any CPU
		{64DD3C20-EA22-45BE-9D18-B013D6FB771D}.Debug|Any CPU.Build.0 = Debug|Any CPU
		{64DD3C20-EA22-45BE-9D18-B013D6FB771D}.Debug|x64.ActiveCfg = Debug|Any CPU
		{64DD3C20-EA22-45BE-9D18-B013D6FB771D}.Debug|x64.Build.0 = Debug|Any CPU
		{64DD3C20-EA22-45BE-9D18-B013D6FB771D}.Debug|x86.ActiveCfg = Debug|Any CPU
		{64DD3C20-EA22-45BE-9D18-B013D6FB771D}.Debug|x86.Build.0 = Debug|Any CPU
		{64DD3C20-EA22-45BE-9D18-B013D6FB771D}.Release|Any CPU.ActiveCfg = Release|Any CPU
		{64DD3C20-EA22-45BE-9D18-B013D6FB771D}.Release|Any CPU.Build.0 = Release|Any CPU
		{64DD3C20-EA22-45BE-9D18-B013D6FB771D}.Release|x64.ActiveCfg = Release|Any CPU
		{64DD3C20-EA22-45BE-9D18-B013D6FB771D}.Release|x64.Build.0 = Release|Any CPU
		{64DD3C20-EA22-45BE-9D18-B013D6FB771D}.Release|x86.ActiveCfg = Release|Any CPU
		{64DD3C20-EA22-45BE-9D18-B013D6FB771D}.Release|x86.Build.0 = Release|Any CPU
		{92011D6C-8045-43DC-A813-AD5B3D045DCC}.Debug|Any CPU.ActiveCfg = Debug|Any CPU
		{92011D6C-8045-43DC-A813-AD5B3D045DCC}.Debug|Any CPU.Build.0 = Debug|Any CPU
		{92011D6C-8045-43DC-A813-AD5B3D045DCC}.Debug|x64.ActiveCfg = Debug|Any CPU
		{92011D6C-8045-43DC-A813-AD5B3D045DCC}.Debug|x64.Build.0 = Debug|Any CPU
		{92011D6C-8045-43DC-A813-AD5B3D045DCC}.Debug|x86.ActiveCfg = Debug|Any CPU
		{92011D6C-8045-43DC-A813-AD5B3D045DCC}.Debug|x86.Build.0 = Debug|Any CPU
		{92011D6C-8045-43DC-A813-AD5B3D045DCC}.Release|Any CPU.ActiveCfg = Release|Any CPU
		{92011D6C-8045-43DC-A813-AD5B3D045DCC}.Release|Any CPU.Build.0 = Release|Any CPU
		{92011D6C-8045-43DC-A813-AD5B3D045DCC}.Release|x64.ActiveCfg = Release|Any CPU
		{92011D6C-8045-43DC-A813-AD5B3D045DCC}.Release|x64.Build.0 = Release|Any CPU
		{92011D6C-8045-43DC-A813-AD5B3D045DCC}.Release|x86.ActiveCfg = Release|Any CPU
		{92011D6C-8045-43DC-A813-AD5B3D045DCC}.Release|x86.Build.0 = Release|Any CPU
	EndGlobalSection
	GlobalSection(SolutionProperties) = preSolution
		HideSolutionNode = FALSE
	EndGlobalSection
	GlobalSection(NestedProjects) = preSolution
		{C4AA03BD-66AB-44E7-B160-633C3954170F} = {827E0CD3-B72D-47B6-A68D-7590B98EB39B}
		{B5FAC6D5-1986-480E-A0C1-1A34AF7AD7E4} = {827E0CD3-B72D-47B6-A68D-7590B98EB39B}
		{7B2A7A63-E084-4701-969C-91D47781B10C} = {827E0CD3-B72D-47B6-A68D-7590B98EB39B}
		{3C3DAE3D-CFF7-4763-9C1C-83D8D691FB21} = {827E0CD3-B72D-47B6-A68D-7590B98EB39B}
		{64DD3C20-EA22-45BE-9D18-B013D6FB771D} = {827E0CD3-B72D-47B6-A68D-7590B98EB39B}
		{92011D6C-8045-43DC-A813-AD5B3D045DCC} = {827E0CD3-B72D-47B6-A68D-7590B98EB39B}
	EndGlobalSection
EndGlobal
